<?xml version="1.0" encoding="UTF-8"?>
<Scheme
   version = "1.3">
   <BuildAction>
      <BuildActionEntries>
         <BuildActionEntry
            buildForRunning = "YES">
            <BuildableReference
               BuildableIdentifier = "primary"
               BlueprintIdentifier = "1770A20D25E687AA00431DEE"
               BuildableName = "pH-Calculator.app"
               BlueprintName = "pH-Calculator"
               ReferencedContainer = "container:pH-Calculator.xcodeproj">
            </BuildableReference>
         </BuildActionEntry>
      </BuildActionEntries>
   </BuildAction>
   <LaunchAction
      useCustomWorkingDirectory = "NO"
      buildConfiguration = "Debug"
      allowLocationSimulation = "YES">
      <BuildableProductRunnable>
         <BuildableReference
            BuildableIdentifier = "primary"
            BlueprintIdentifier = "1770A20D25E687AA00431DEE"
            BuildableName = "pH-Calculator.app"
            BlueprintName = "pH-Calculator"
            ReferencedContainer = "container:pH-Calculator.xcodeproj">
         </BuildableReference>
      </BuildableProductRunnable>
   </LaunchAction>
</Scheme>
